{
  "requires": true,
  "lockfileVersion": 1,
  "dependencies": {
    "simplecalculatorjs": {
      "version": "1.0.6",
      "resolved": "https://registry.npmjs.org/simplecalculatorjs/-/simplecalculatorjs-1.0.6.tgz",
      "integrity": "sha512-omQBpsiPfSE/0YF6bqc94W5Ytan6XphfyslChWx8PEzA/CChNacVfEUL2Y4FDtpXNYVPdpPVZHm08Te2UGVD9Q=="
    }
  }
}
